{
  "name": "automacao_testes_performance_k6",
  "version": "1.0.0",
  "lockfileVersion": 3,
  "requires": true,
  "packages": {
    "": {
      "name": "automacao_testes_performance_k6",
      "version": "1.0.0",
      "license": "ISC",
      "devDependencies": {
        "@types/k6": "^0.46.3",
        "dotenv": "^16.3.1"
      }
    },
    "node_modules/@types/k6": {
      "version": "0.46.3",
      "resolved": "https://registry.npmjs.org/@types/k6/-/k6-0.46.3.tgz",
      "integrity": "sha512-mIkpM4flyaavv0GNzKxSFoge9SIIO4JviJ8vN22OZYln99lnPUWB3+i9QFoTsTfYqK+ZbqoDTOPq95SSTdmhJA==",
      "dev": true
    },
    "node_modules/dotenv": {
      "version": "16.3.1",
      "resolved": "https://registry.npmjs.org/dotenv/-/dotenv-16.3.1.tgz",
      "integrity": "sha512-IPzF4w4/Rd94bA9imS68tZBaYyBWSCE47V1RGuMrB94iyTOIEwRmVL2x/4An+6mETpLrKJ5hQkB8W4kFAadeIQ==",
      "dev": true,
      "engines": {
        "node": ">=12"
      },
      "funding": {
        "url": "https://github.com/motdotla/dotenv?sponsor=1"
      }
    }
  }
}
